
Microsoft Visual Studio Solution File, Format Version 12.00
# Visual Studio 2013
VisualStudioVersion = 12.0.31101.0
MinimumVisualStudioVersion = 10.0.40219.1
Project("{FAE04EC0-301F-11D3-BF4B-00C04F79EFBC}") = "WebshopEF", "WebshopEF\WebshopEF.csproj", "{8578F20C-4FA2-4052-AB27-850DECCD0B26}"
EndProject
Project("{FAE04EC0-301F-11D3-BF4B-00C04F79EFBC}") = "WebshopEF.Tests", "WebshopEF.Tests\WebshopEF.Tests.csproj", "{9AC3B600-F8B6-460F-9B93-E3FD058A2BF7}"
EndProject
Project("{FAE04EC0-301F-11D3-BF4B-00C04F79EFBC}") = "WebshopEF.Models", "WebshopEF.Models\WebshopEF.Models.csproj", "{9DF645E6-1752-4DCC-AD26-ED0CB7C80E87}"
EndProject
Project("{FAE04EC0-301F-11D3-BF4B-00C04F79EFBC}") = "WebshopEF.BusinessLayer", "WebshopEF.BusinessLayer\WebshopEF.BusinessLayer.csproj", "{92667371-F207-48A1-97FC-3E2AB877E247}"
EndProject
Global
	GlobalSection(SolutionConfigurationPlatforms) = preSolution
		Debug|Any CPU = Debug|Any CPU
		Release|Any CPU = Release|Any CPU
	EndGlobalSection
	GlobalSection(ProjectConfigurationPlatforms) = postSolution
		{8578F20C-4FA2-4052-AB27-850DECCD0B26}.Debug|Any CPU.ActiveCfg = Debug|Any CPU
		{8578F20C-4FA2-4052-AB27-850DECCD0B26}.Debug|Any CPU.Build.0 = Debug|Any CPU
		{8578F20C-4FA2-4052-AB27-850DECCD0B26}.Release|Any CPU.ActiveCfg = Release|Any CPU
		{8578F20C-4FA2-4052-AB27-850DECCD0B26}.Release|Any CPU.Build.0 = Release|Any CPU
		{9AC3B600-F8B6-460F-9B93-E3FD058A2BF7}.Debug|Any CPU.ActiveCfg = Debug|Any CPU
		{9AC3B600-F8B6-460F-9B93-E3FD058A2BF7}.Debug|Any CPU.Build.0 = Debug|Any CPU
		{9AC3B600-F8B6-460F-9B93-E3FD058A2BF7}.Release|Any CPU.ActiveCfg = Release|Any CPU
		{9AC3B600-F8B6-460F-9B93-E3FD058A2BF7}.Release|Any CPU.Build.0 = Release|Any CPU
		{9DF645E6-1752-4DCC-AD26-ED0CB7C80E87}.Debug|Any CPU.ActiveCfg = Debug|Any CPU
		{9DF645E6-1752-4DCC-AD26-ED0CB7C80E87}.Debug|Any CPU.Build.0 = Debug|Any CPU
		{9DF645E6-1752-4DCC-AD26-ED0CB7C80E87}.Release|Any CPU.ActiveCfg = Release|Any CPU
		{9DF645E6-1752-4DCC-AD26-ED0CB7C80E87}.Release|Any CPU.Build.0 = Release|Any CPU
		{92667371-F207-48A1-97FC-3E2AB877E247}.Debug|Any CPU.ActiveCfg = Debug|Any CPU
		{92667371-F207-48A1-97FC-3E2AB877E247}.Debug|Any CPU.Build.0 = Debug|Any CPU
		{92667371-F207-48A1-97FC-3E2AB877E247}.Release|Any CPU.ActiveCfg = Release|Any CPU
		{92667371-F207-48A1-97FC-3E2AB877E247}.Release|Any CPU.Build.0 = Release|Any CPU
	EndGlobalSection
	GlobalSection(SolutionProperties) = preSolution
		HideSolutionNode = FALSE
	EndGlobalSection
EndGlobal
